// !$*UTF8*$!
{
	archiveVersion = 1;
	classes = {
	};
	objectVersion = 56;
	objects = {

/* Begin PBXBuildFile section */
		9B40DF2E2AE84B98006E7AC6 /* JogoDaVelha3App.swift in Sources */ = {isa = PBXBuildFile; fileRef = 9B40DF2D2AE84B98006E7AC6 /* JogoDaVelha3App.swift */; };
		9B40DF302AE84B98006E7AC6 /* StartView.swift in Sources */ = {isa = PBXBuildFile; fileRef = 9B40DF2F2AE84B98006E7AC6 /* StartView.swift */; };
		9B40DF322AE84B99006E7AC6 /* Assets.xcassets in Resources */ = {isa = PBXBuildFile; fileRef = 9B40DF312AE84B99006E7AC6 /* Assets.xcassets */; };
		9B40DF352AE84B99006E7AC6 /* Preview Assets.xcassets in Resources */ = {isa = PBXBuildFile; fileRef = 9B40DF342AE84B99006E7AC6 /* Preview Assets.xcassets */; };
		9B40DF3F2AE8581B006E7AC6 /* GameModels.swift in Sources */ = {isa = PBXBuildFile; fileRef = 9B40DF3E2AE8581B006E7AC6 /* GameModels.swift */; };
		9B40DF412AE858E0006E7AC6 /* Localizable.xcstrings in Resources */ = {isa = PBXBuildFile; fileRef = 9B40DF402AE858E0006E7AC6 /* Localizable.xcstrings */; };
		9B40DF462AE950FA006E7AC6 /* ViewModifiers.swift in Sources */ = {isa = PBXBuildFile; fileRef = 9B40DF452AE950FA006E7AC6 /* ViewModifiers.swift */; };
		9B4B899A2AE9B76C0095003C /* MPConnectionManager.swift in Sources */ = {isa = PBXBuildFile; fileRef = 9B4B89992AE9B76C0095003C /* MPConnectionManager.swift */; };
		9BA8F2142AE9541B007ED68D /* GameView.swift in Sources */ = {isa = PBXBuildFile; fileRef = 9BA8F2132AE9541B007ED68D /* GameView.swift */; };
		9BA8F2162AE984C7007ED68D /* GameService.swift in Sources */ = {isa = PBXBuildFile; fileRef = 9BA8F2152AE984C7007ED68D /* GameService.swift */; };
		9BA8F2182AE98D2A007ED68D /* ButtonStyle.swift in Sources */ = {isa = PBXBuildFile; fileRef = 9BA8F2172AE98D2A007ED68D /* ButtonStyle.swift */; };
		9BA8F21A2AE98E41007ED68D /* GameSquare.swift in Sources */ = {isa = PBXBuildFile; fileRef = 9BA8F2192AE98E41007ED68D /* GameSquare.swift */; };
		9BA8F21C2AE98FF5007ED68D /* SquareView.swift in Sources */ = {isa = PBXBuildFile; fileRef = 9BA8F21B2AE98FF5007ED68D /* SquareView.swift */; };
		9BA8F21E2AE9A0DA007ED68D /* YourNameView.swift in Sources */ = {isa = PBXBuildFile; fileRef = 9BA8F21D2AE9A0DA007ED68D /* YourNameView.swift */; };
		9BEC4E492AEAEE2C0036758E /* MPGameMove.swift in Sources */ = {isa = PBXBuildFile; fileRef = 9BEC4E482AEAEE2C0036758E /* MPGameMove.swift */; };
		9BEC4E4B2AEAF27E0036758E /* MPPeersView.swift in Sources */ = {isa = PBXBuildFile; fileRef = 9BEC4E4A2AEAF27E0036758E /* MPPeersView.swift */; };
/* End PBXBuildFile section */

/* Begin PBXFileReference section */
		9B40DF2A2AE84B98006E7AC6 /* JogoDaVelha3.app */ = {isa = PBXFileReference; explicitFileType = wrapper.application; includeInIndex = 0; path = JogoDaVelha3.app; sourceTree = BUILT_PRODUCTS_DIR; };
		9B40DF2D2AE84B98006E7AC6 /* JogoDaVelha3App.swift */ = {isa = PBXFileReference; lastKnownFileType = sourcecode.swift; path = JogoDaVelha3App.swift; sourceTree = "<group>"; };
		9B40DF2F2AE84B98006E7AC6 /* StartView.swift */ = {isa = PBXFileReference; lastKnownFileType = sourcecode.swift; path = StartView.swift; sourceTree = "<group>"; };
		9B40DF312AE84B99006E7AC6 /* Assets.xcassets */ = {isa = PBXFileReference; lastKnownFileType = folder.assetcatalog; path = Assets.xcassets; sourceTree = "<group>"; };
		9B40DF342AE84B99006E7AC6 /* Preview Assets.xcassets */ = {isa = PBXFileReference; lastKnownFileType = folder.assetcatalog; path = "Preview Assets.xcassets"; sourceTree = "<group>"; };
		9B40DF3E2AE8581B006E7AC6 /* GameModels.swift */ = {isa = PBXFileReference; lastKnownFileType = sourcecode.swift; path = GameModels.swift; sourceTree = "<group>"; };
		9B40DF402AE858E0006E7AC6 /* Localizable.xcstrings */ = {isa = PBXFileReference; lastKnownFileType = text.json.xcstrings; path = Localizable.xcstrings; sourceTree = "<group>"; };
		9B40DF452AE950FA006E7AC6 /* ViewModifiers.swift */ = {isa = PBXFileReference; lastKnownFileType = sourcecode.swift; path = ViewModifiers.swift; sourceTree = "<group>"; };
		9B4B89972AE9B67A0095003C /* Info.plist */ = {isa = PBXFileReference; lastKnownFileType = text.plist; path = Info.plist; sourceTree = "<group>"; };
		9B4B89992AE9B76C0095003C /* MPConnectionManager.swift */ = {isa = PBXFileReference; lastKnownFileType = sourcecode.swift; path = MPConnectionManager.swift; sourceTree = "<group>"; };
		9BA8F2132AE9541B007ED68D /* GameView.swift */ = {isa = PBXFileReference; lastKnownFileType = sourcecode.swift; path = GameView.swift; sourceTree = "<group>"; };
		9BA8F2152AE984C7007ED68D /* GameService.swift */ = {isa = PBXFileReference; lastKnownFileType = sourcecode.swift; path = GameService.swift; sourceTree = "<group>"; };
		9BA8F2172AE98D2A007ED68D /* ButtonStyle.swift */ = {isa = PBXFileReference; lastKnownFileType = sourcecode.swift; path = ButtonStyle.swift; sourceTree = "<group>"; };
		9BA8F2192AE98E41007ED68D /* GameSquare.swift */ = {isa = PBXFileReference; lastKnownFileType = sourcecode.swift; path = GameSquare.swift; sourceTree = "<group>"; };
		9BA8F21B2AE98FF5007ED68D /* SquareView.swift */ = {isa = PBXFileReference; lastKnownFileType = sourcecode.swift; path = SquareView.swift; sourceTree = "<group>"; };
		9BA8F21D2AE9A0DA007ED68D /* YourNameView.swift */ = {isa = PBXFileReference; lastKnownFileType = sourcecode.swift; path = YourNameView.swift; sourceTree = "<group>"; };
		9BEC4E482AEAEE2C0036758E /* MPGameMove.swift */ = {isa = PBXFileReference; lastKnownFileType = sourcecode.swift; path = MPGameMove.swift; sourceTree = "<group>"; };
		9BEC4E4A2AEAF27E0036758E /* MPPeersView.swift */ = {isa = PBXFileReference; lastKnownFileType = sourcecode.swift; path = MPPeersView.swift; sourceTree = "<group>"; };
/* End PBXFileReference section */

/* Begin PBXFrameworksBuildPhase section */
		9B40DF272AE84B98006E7AC6 /* Frameworks */ = {
			isa = PBXFrameworksBuildPhase;
			buildActionMask = 2147483647;
			files = (
			);
			runOnlyForDeploymentPostprocessing = 0;
		};
/* End PBXFrameworksBuildPhase section */

/* Begin PBXGroup section */
		9B40DF212AE84B98006E7AC6 = {
			isa = PBXGroup;
			children = (
				9B40DF2C2AE84B98006E7AC6 /* JogoDaVelha3 */,
				9B40DF2B2AE84B98006E7AC6 /* Products */,
			);
			sourceTree = "<group>";
		};
		9B40DF2B2AE84B98006E7AC6 /* Products */ = {
			isa = PBXGroup;
			children = (
				9B40DF2A2AE84B98006E7AC6 /* JogoDaVelha3.app */,
			);
			name = Products;
			sourceTree = "<group>";
		};
		9B40DF2C2AE84B98006E7AC6 /* JogoDaVelha3 */ = {
			isa = PBXGroup;
			children = (
				9B4B89972AE9B67A0095003C /* Info.plist */,
				9B40DF422AE950A3006E7AC6 /* App */,
				9B40DF442AE950DD006E7AC6 /* Utilities */,
				9B40DF432AE950D0006E7AC6 /* Views */,
				9B4B89982AE9B72F0095003C /* MultiPeerConnectivity */,
				9B40DF3D2AE857E9006E7AC6 /* Models */,
				9B40DF402AE858E0006E7AC6 /* Localizable.xcstrings */,
				9B40DF332AE84B99006E7AC6 /* Preview Content */,
			);
			path = JogoDaVelha3;
			sourceTree = "<group>";
		};
		9B40DF332AE84B99006E7AC6 /* Preview Content */ = {
			isa = PBXGroup;
			children = (
				9B40DF342AE84B99006E7AC6 /* Preview Assets.xcassets */,
			);
			path = "Preview Content";
			sourceTree = "<group>";
		};
		9B40DF3D2AE857E9006E7AC6 /* Models */ = {
			isa = PBXGroup;
			children = (
				9B40DF3E2AE8581B006E7AC6 /* GameModels.swift */,
			);
			path = Models;
			sourceTree = "<group>";
		};
		9B40DF422AE950A3006E7AC6 /* App */ = {
			isa = PBXGroup;
			children = (
				9B40DF2D2AE84B98006E7AC6 /* JogoDaVelha3App.swift */,
				9B40DF312AE84B99006E7AC6 /* Assets.xcassets */,
			);
			path = App;
			sourceTree = "<group>";
		};
		9B40DF432AE950D0006E7AC6 /* Views */ = {
			isa = PBXGroup;
			children = (
				9BA8F2122AE9540C007ED68D /* GameScreen */,
				9B40DF2F2AE84B98006E7AC6 /* StartView.swift */,
				9BA8F21D2AE9A0DA007ED68D /* YourNameView.swift */,
				9BEC4E4A2AEAF27E0036758E /* MPPeersView.swift */,
			);
			path = Views;
			sourceTree = "<group>";
		};
		9B40DF442AE950DD006E7AC6 /* Utilities */ = {
			isa = PBXGroup;
			children = (
				9B40DF452AE950FA006E7AC6 /* ViewModifiers.swift */,
				9BA8F2172AE98D2A007ED68D /* ButtonStyle.swift */,
			);
			path = Utilities;
			sourceTree = "<group>";
		};
		9B4B89982AE9B72F0095003C /* MultiPeerConnectivity */ = {
			isa = PBXGroup;
			children = (
				9B4B89992AE9B76C0095003C /* MPConnectionManager.swift */,
				9BEC4E482AEAEE2C0036758E /* MPGameMove.swift */,
			);
			path = MultiPeerConnectivity;
			sourceTree = "<group>";
		};
		9BA8F2122AE9540C007ED68D /* GameScreen */ = {
			isa = PBXGroup;
			children = (
				9BA8F2132AE9541B007ED68D /* GameView.swift */,
				9BA8F2152AE984C7007ED68D /* GameService.swift */,
				9BA8F2192AE98E41007ED68D /* GameSquare.swift */,
				9BA8F21B2AE98FF5007ED68D /* SquareView.swift */,
			);
			path = GameScreen;
			sourceTree = "<group>";
		};
/* End PBXGroup section */

/* Begin PBXNativeTarget section */
		9B40DF292AE84B98006E7AC6 /* JogoDaVelha3 */ = {
			isa = PBXNativeTarget;
			buildConfigurationList = 9B40DF382AE84B99006E7AC6 /* Build configuration list for PBXNativeTarget "JogoDaVelha3" */;
			buildPhases = (
				9B40DF262AE84B98006E7AC6 /* Sources */,
				9B40DF272AE84B98006E7AC6 /* Frameworks */,
				9B40DF282AE84B98006E7AC6 /* Resources */,
			);
			buildRules = (
			);
			dependencies = (
			);
			name = JogoDaVelha3;
			productName = JogoDaVelha3;
			productReference = 9B40DF2A2AE84B98006E7AC6 /* JogoDaVelha3.app */;
			productType = "com.apple.product-type.application";
		};
/* End PBXNativeTarget section */

/* Begin PBXProject section */
		9B40DF222AE84B98006E7AC6 /* Project object */ = {
			isa = PBXProject;
			attributes = {
				BuildIndependentTargetsInParallel = 1;
				LastSwiftUpdateCheck = 1500;
				LastUpgradeCheck = 1500;
				TargetAttributes = {
					9B40DF292AE84B98006E7AC6 = {
						CreatedOnToolsVersion = 15.0.1;
					};
				};
			};
			buildConfigurationList = 9B40DF252AE84B98006E7AC6 /* Build configuration list for PBXProject "JogoDaVelha3" */;
			compatibilityVersion = "Xcode 14.0";
			developmentRegion = en;
			hasScannedForEncodings = 0;
			knownRegions = (
				en,
				Base,
				"pt-BR",
			);
			mainGroup = 9B40DF212AE84B98006E7AC6;
			productRefGroup = 9B40DF2B2AE84B98006E7AC6 /* Products */;
			projectDirPath = "";
			projectRoot = "";
			targets = (
				9B40DF292AE84B98006E7AC6 /* JogoDaVelha3 */,
			);
		};
/* End PBXProject section */

/* Begin PBXResourcesBuildPhase section */
		9B40DF282AE84B98006E7AC6 /* Resources */ = {
			isa = PBXResourcesBuildPhase;
			buildActionMask = 2147483647;
			files = (
				9B40DF352AE84B99006E7AC6 /* Preview Assets.xcassets in Resources */,
				9B40DF412AE858E0006E7AC6 /* Localizable.xcstrings in Resources */,
				9B40DF322AE84B99006E7AC6 /* Assets.xcassets in Resources */,
			);
			runOnlyForDeploymentPostprocessing = 0;
		};
/* End PBXResourcesBuildPhase section */

/* Begin PBXSourcesBuildPhase section */
		9B40DF262AE84B98006E7AC6 /* Sources */ = {
			isa = PBXSourcesBuildPhase;
			buildActionMask = 2147483647;
			files = (
				9B4B899A2AE9B76C0095003C /* MPConnectionManager.swift in Sources */,
				9B40DF302AE84B98006E7AC6 /* StartView.swift in Sources */,
				9B40DF3F2AE8581B006E7AC6 /* GameModels.swift in Sources */,
				9BEC4E4B2AEAF27E0036758E /* MPPeersView.swift in Sources */,
				9B40DF2E2AE84B98006E7AC6 /* JogoDaVelha3App.swift in Sources */,
				9BA8F2162AE984C7007ED68D /* GameService.swift in Sources */,
				9BEC4E492AEAEE2C0036758E /* MPGameMove.swift in Sources */,
				9B40DF462AE950FA006E7AC6 /* ViewModifiers.swift in Sources */,
				9BA8F2142AE9541B007ED68D /* GameView.swift in Sources */,
				9BA8F21C2AE98FF5007ED68D /* SquareView.swift in Sources */,
				9BA8F21A2AE98E41007ED68D /* GameSquare.swift in Sources */,
				9BA8F21E2AE9A0DA007ED68D /* YourNameView.swift in Sources */,
				9BA8F2182AE98D2A007ED68D /* ButtonStyle.swift in Sources */,
			);
			runOnlyForDeploymentPostprocessing = 0;
		};
/* End PBXSourcesBuildPhase section */

/* Begin XCBuildConfiguration section */
		9B40DF362AE84B99006E7AC6 /* Debug */ = {
			isa = XCBuildConfiguration;
			buildSettings = {
				ALWAYS_SEARCH_USER_PATHS = NO;
				ASSETCATALOG_COMPILER_GENERATE_SWIFT_ASSET_SYMBOL_EXTENSIONS = YES;
				CLANG_ANALYZER_NONNULL = YES;
				CLANG_ANALYZER_NUMBER_OBJECT_CONVERSION = YES_AGGRESSIVE;
				CLANG_CXX_LANGUAGE_STANDARD = "gnu++20";
				CLANG_ENABLE_MODULES = YES;
				CLANG_ENABLE_OBJC_ARC = YES;
				CLANG_ENABLE_OBJC_WEAK = YES;
				CLANG_WARN_BLOCK_CAPTURE_AUTORELEASING = YES;
				CLANG_WARN_BOOL_CONVERSION = YES;
				CLANG_WARN_COMMA = YES;
				CLANG_WARN_CONSTANT_CONVERSION = YES;
				CLANG_WARN_DEPRECATED_OBJC_IMPLEMENTATIONS = YES;
				CLANG_WARN_DIRECT_OBJC_ISA_USAGE = YES_ERROR;
				CLANG_WARN_DOCUMENTATION_COMMENTS = YES;
				CLANG_WARN_EMPTY_BODY = YES;
				CLANG_WARN_ENUM_CONVERSION = YES;
				CLANG_WARN_INFINITE_RECURSION = YES;
				CLANG_WARN_INT_CONVERSION = YES;
				CLANG_WARN_NON_LITERAL_NULL_CONVERSION = YES;
				CLANG_WARN_OBJC_IMPLICIT_RETAIN_SELF = YES;
				CLANG_WARN_OBJC_LITERAL_CONVERSION = YES;
				CLANG_WARN_OBJC_ROOT_CLASS = YES_ERROR;
				CLANG_WARN_QUOTED_INCLUDE_IN_FRAMEWORK_HEADER = YES;
				CLANG_WARN_RANGE_LOOP_ANALYSIS = YES;
				CLANG_WARN_STRICT_PROTOTYPES = YES;
				CLANG_WARN_SUSPICIOUS_MOVE = YES;
				CLANG_WARN_UNGUARDED_AVAILABILITY = YES_AGGRESSIVE;
				CLANG_WARN_UNREACHABLE_CODE = YES;
				CLANG_WARN__DUPLICATE_METHOD_MATCH = YES;
				COPY_PHASE_STRIP = NO;
				DEBUG_INFORMATION_FORMAT = dwarf;
				ENABLE_STRICT_OBJC_MSGSEND = YES;
				ENABLE_TESTABILITY = YES;
				ENABLE_USER_SCRIPT_SANDBOXING = YES;
				GCC_C_LANGUAGE_STANDARD = gnu17;
				GCC_DYNAMIC_NO_PIC = NO;
				GCC_NO_COMMON_BLOCKS = YES;
				GCC_OPTIMIZATION_LEVEL = 0;
				GCC_PREPROCESSOR_DEFINITIONS = (
					"DEBUG=1",
					"$(inherited)",
				);
				GCC_WARN_64_TO_32_BIT_CONVERSION = YES;
				GCC_WARN_ABOUT_RETURN_TYPE = YES_ERROR;
				GCC_WARN_UNDECLARED_SELECTOR = YES;
				GCC_WARN_UNINITIALIZED_AUTOS = YES_AGGRESSIVE;
				GCC_WARN_UNUSED_FUNCTION = YES;
				GCC_WARN_UNUSED_VARIABLE = YES;
				IPHONEOS_DEPLOYMENT_TARGET = 15.0;
				LOCALIZATION_PREFERS_STRING_CATALOGS = YES;
				MTL_ENABLE_DEBUG_INFO = INCLUDE_SOURCE;
				MTL_FAST_MATH = YES;
				ONLY_ACTIVE_ARCH = YES;
				SDKROOT = iphoneos;
				SWIFT_ACTIVE_COMPILATION_CONDITIONS = "DEBUG $(inherited)";
				SWIFT_OPTIMIZATION_LEVEL = "-Onone";
			};
			name = Debug;
		};
		9B40DF372AE84B99006E7AC6 /* Release */ = {
			isa = XCBuildConfiguration;
			buildSettings = {
				ALWAYS_SEARCH_USER_PATHS = NO;
				ASSETCATALOG_COMPILER_GENERATE_SWIFT_ASSET_SYMBOL_EXTENSIONS = YES;
				CLANG_ANALYZER_NONNULL = YES;
				CLANG_ANALYZER_NUMBER_OBJECT_CONVERSION = YES_AGGRESSIVE;
				CLANG_CXX_LANGUAGE_STANDARD = "gnu++20";
				CLANG_ENABLE_MODULES = YES;
				CLANG_ENABLE_OBJC_ARC = YES;
				CLANG_ENABLE_OBJC_WEAK = YES;
				CLANG_WARN_BLOCK_CAPTURE_AUTORELEASING = YES;
				CLANG_WARN_BOOL_CONVERSION = YES;
				CLANG_WARN_COMMA = YES;
				CLANG_WARN_CONSTANT_CONVERSION = YES;
				CLANG_WARN_DEPRECATED_OBJC_IMPLEMENTATIONS = YES;
				CLANG_WARN_DIRECT_OBJC_ISA_USAGE = YES_ERROR;
				CLANG_WARN_DOCUMENTATION_COMMENTS = YES;
				CLANG_WARN_EMPTY_BODY = YES;
				CLANG_WARN_ENUM_CONVERSION = YES;
				CLANG_WARN_INFINITE_RECURSION = YES;
				CLANG_WARN_INT_CONVERSION = YES;
				CLANG_WARN_NON_LITERAL_NULL_CONVERSION = YES;
				CLANG_WARN_OBJC_IMPLICIT_RETAIN_SELF = YES;
				CLANG_WARN_OBJC_LITERAL_CONVERSION = YES;
				CLANG_WARN_OBJC_ROOT_CLASS = YES_ERROR;
				CLANG_WARN_QUOTED_INCLUDE_IN_FRAMEWORK_HEADER = YES;
				CLANG_WARN_RANGE_LOOP_ANALYSIS = YES;
				CLANG_WARN_STRICT_PROTOTYPES = YES;
				CLANG_WARN_SUSPICIOUS_MOVE = YES;
				CLANG_WARN_UNGUARDED_AVAILABILITY = YES_AGGRESSIVE;
				CLANG_WARN_UNREACHABLE_CODE = YES;
				CLANG_WARN__DUPLICATE_METHOD_MATCH = YES;
				COPY_PHASE_STRIP = NO;
				DEBUG_INFORMATION_FORMAT = "dwarf-with-dsym";
				ENABLE_NS_ASSERTIONS = NO;
				ENABLE_STRICT_OBJC_MSGSEND = YES;
				ENABLE_USER_SCRIPT_SANDBOXING = YES;
				GCC_C_LANGUAGE_STANDARD = gnu17;
				GCC_NO_COMMON_BLOCKS = YES;
				GCC_WARN_64_TO_32_BIT_CONVERSION = YES;
				GCC_WARN_ABOUT_RETURN_TYPE = YES_ERROR;
				GCC_WARN_UNDECLARED_SELECTOR = YES;
				GCC_WARN_UNINITIALIZED_AUTOS = YES_AGGRESSIVE;
				GCC_WARN_UNUSED_FUNCTION = YES;
				GCC_WARN_UNUSED_VARIABLE = YES;
				IPHONEOS_DEPLOYMENT_TARGET = 15.0;
				LOCALIZATION_PREFERS_STRING_CATALOGS = YES;
				MTL_ENABLE_DEBUG_INFO = NO;
				MTL_FAST_MATH = YES;
				SDKROOT = iphoneos;
				SWIFT_COMPILATION_MODE = wholemodule;
				VALIDATE_PRODUCT = YES;
			};
			name = Release;
		};
		9B40DF392AE84B99006E7AC6 /* Debug */ = {
			isa = XCBuildConfiguration;
			buildSettings = {
				ASSETCATALOG_COMPILER_APPICON_NAME = AppIcon;
				ASSETCATALOG_COMPILER_GLOBAL_ACCENT_COLOR_NAME = AccentColor;
				CODE_SIGN_STYLE = Automatic;
				CURRENT_PROJECT_VERSION = 1;
				DEVELOPMENT_ASSET_PATHS = "\"JogoDaVelha3/Preview Content\"";
				DEVELOPMENT_TEAM = K559Z2V9Q2;
				ENABLE_PREVIEWS = YES;
				GENERATE_INFOPLIST_FILE = YES;
				INFOPLIST_FILE = JogoDaVelha3/Info.plist;
				INFOPLIST_KEY_CFBundleDisplayName = "Jogo da Velha 3";
				INFOPLIST_KEY_NSLocalNetworkUsageDescription = "Gostaria de jogar o Jogo da Velha 3";
				INFOPLIST_KEY_UIApplicationSceneManifest_Generation = YES;
				INFOPLIST_KEY_UIApplicationSupportsIndirectInputEvents = YES;
				INFOPLIST_KEY_UILaunchScreen_Generation = YES;
				INFOPLIST_KEY_UILaunchStoryboardName = "Launch Screen.storyboard";
				INFOPLIST_KEY_UISupportedInterfaceOrientations = UIInterfaceOrientationPortrait;
				INFOPLIST_KEY_UISupportedInterfaceOrientations_iPad = "UIInterfaceOrientationLandscapeLeft UIInterfaceOrientationLandscapeRight UIInterfaceOrientationPortrait UIInterfaceOrientationPortraitUpsideDown";
				IPHONEOS_DEPLOYMENT_TARGET = 15.0;
				LD_RUNPATH_SEARCH_PATHS = (
					"$(inherited)",
					"@executable_path/Frameworks",
				);
				MARKETING_VERSION = 1.0;
				PRODUCT_BUNDLE_IDENTIFIER = com.VictorHugo.JogoDaVelha3;
				PRODUCT_NAME = "$(TARGET_NAME)";
				SUPPORTED_PLATFORMS = "iphoneos iphonesimulator";
				SUPPORTS_MACCATALYST = NO;
				SUPPORTS_MAC_DESIGNED_FOR_IPHONE_IPAD = NO;
				SWIFT_EMIT_LOC_STRINGS = YES;
				SWIFT_VERSION = 5.0;
				TARGETED_DEVICE_FAMILY = "1,2";
			};
			name = Debug;
		};
		9B40DF3A2AE84B99006E7AC6 /* Release */ = {
			isa = XCBuildConfiguration;
			buildSettings = {
				ASSETCATALOG_COMPILER_APPICON_NAME = AppIcon;
				ASSETCATALOG_COMPILER_GLOBAL_ACCENT_COLOR_NAME = AccentColor;
				CODE_SIGN_STYLE = Automatic;
				CURRENT_PROJECT_VERSION = 1;
				DEVELOPMENT_ASSET_PATHS = "\"JogoDaVelha3/Preview Content\"";
				DEVELOPMENT_TEAM = K559Z2V9Q2;
				ENABLE_PREVIEWS = YES;
				GENERATE_INFOPLIST_FILE = YES;
				INFOPLIST_FILE = JogoDaVelha3/Info.plist;
				INFOPLIST_KEY_CFBundleDisplayName = "Jogo da Velha 3";
				INFOPLIST_KEY_NSLocalNetworkUsageDescription = "Gostaria de jogar o Jogo da Velha 3";
				INFOPLIST_KEY_UIApplicationSceneManifest_Generation = YES;
				INFOPLIST_KEY_UIApplicationSupportsIndirectInputEvents = YES;
				INFOPLIST_KEY_UILaunchScreen_Generation = YES;
				INFOPLIST_KEY_UILaunchStoryboardName = "Launch Screen.storyboard";
				INFOPLIST_KEY_UISupportedInterfaceOrientations = UIInterfaceOrientationPortrait;
				INFOPLIST_KEY_UISupportedInterfaceOrientations_iPad = "UIInterfaceOrientationLandscapeLeft UIInterfaceOrientationLandscapeRight UIInterfaceOrientationPortrait UIInterfaceOrientationPortraitUpsideDown";
				IPHONEOS_DEPLOYMENT_TARGET = 15.0;
				LD_RUNPATH_SEARCH_PATHS = (
					"$(inherited)",
					"@executable_path/Frameworks",
				);
				MARKETING_VERSION = 1.0;
				PRODUCT_BUNDLE_IDENTIFIER = com.VictorHugo.JogoDaVelha3;
				PRODUCT_NAME = "$(TARGET_NAME)";
				SUPPORTED_PLATFORMS = "iphoneos iphonesimulator";
				SUPPORTS_MACCATALYST = NO;
				SUPPORTS_MAC_DESIGNED_FOR_IPHONE_IPAD = NO;
				SWIFT_EMIT_LOC_STRINGS = YES;
				SWIFT_VERSION = 5.0;
				TARGETED_DEVICE_FAMILY = "1,2";
			};
			name = Release;
		};
/* End XCBuildConfiguration section */

/* Begin XCConfigurationList section */
		9B40DF252AE84B98006E7AC6 /* Build configuration list for PBXProject "JogoDaVelha3" */ = {
			isa = XCConfigurationList;
			buildConfigurations = (
				9B40DF362AE84B99006E7AC6 /* Debug */,
				9B40DF372AE84B99006E7AC6 /* Release */,
			);
			defaultConfigurationIsVisible = 0;
			defaultConfigurationName = Release;
		};
		9B40DF382AE84B99006E7AC6 /* Build configuration list for PBXNativeTarget "JogoDaVelha3" */ = {
			isa = XCConfigurationList;
			buildConfigurations = (
				9B40DF392AE84B99006E7AC6 /* Debug */,
				9B40DF3A2AE84B99006E7AC6 /* Release */,
			);
			defaultConfigurationIsVisible = 0;
			defaultConfigurationName = Release;
		};
/* End XCConfigurationList section */
	};
	rootObject = 9B40DF222AE84B98006E7AC6 /* Project object */;
}
